
Microsoft Visual Studio Solution File, Format Version 12.00
# Visual Studio 15
VisualStudioVersion = 15.0.27703.2018
MinimumVisualStudioVersion = 10.0.40219.1
Project("{FAE04EC0-301F-11D3-BF4B-00C04F79EFBC}") = "SparqlCli", "SparqlCli\SparqlCli.csproj", "{B4DFC718-1238-4F75-A211-472B1FD0C71B}"
EndProject
Global
	GlobalSection(SolutionConfigurationPlatforms) = preSolution
		Debug|Any CPU = Debug|Any CPU
		Release|Any CPU = Release|Any CPU
	EndGlobalSection
	GlobalSection(ProjectConfigurationPlatforms) = postSolution
		{B4DFC718-1238-4F75-A211-472B1FD0C71B}.Debug|Any CPU.ActiveCfg = Debug|Any CPU
		{B4DFC718-1238-4F75-A211-472B1FD0C71B}.Debug|Any CPU.Build.0 = Debug|Any CPU
		{B4DFC718-1238-4F75-A211-472B1FD0C71B}.Release|Any CPU.ActiveCfg = Release|Any CPU
		{B4DFC718-1238-4F75-A211-472B1FD0C71B}.Release|Any CPU.Build.0 = Release|Any CPU
	EndGlobalSection
	GlobalSection(SolutionProperties) = preSolution
		HideSolutionNode = FALSE
	EndGlobalSection
	GlobalSection(ExtensibilityGlobals) = postSolution
		SolutionGuid = {B4DFADA3-1B3E-4AE6-9169-4E1436A619B8}
	EndGlobalSection
EndGlobal
